
Microsoft Visual Studio Solution File, Format Version 12.00
# Visual Studio Version 16
VisualStudioVersion = 16.0.30406.217
MinimumVisualStudioVersion = 10.0.40219.1
Project("{8BC9CEB8-8B4A-11D0-8D11-00A0C91BC942}") = "for", "for\for.vcxproj", "{F864D08B-A638-42E0-8A7E-773A1A3EABAD}"
EndProject
Global
	GlobalSection(SolutionConfigurationPlatforms) = preSolution
		Debug|x64 = Debug|x64
		Debug|x86 = Debug|x86
		Release|x64 = Release|x64
		Release|x86 = Release|x86
	EndGlobalSection
	GlobalSection(ProjectConfigurationPlatforms) = postSolution
		{F864D08B-A638-42E0-8A7E-773A1A3EABAD}.Debug|x64.ActiveCfg = Debug|x64
		{F864D08B-A638-42E0-8A7E-773A1A3EABAD}.Debug|x64.Build.0 = Debug|x64
		{F864D08B-A638-42E0-8A7E-773A1A3EABAD}.Debug|x86.ActiveCfg = Debug|Win32
		{F864D08B-A638-42E0-8A7E-773A1A3EABAD}.Debug|x86.Build.0 = Debug|Win32
		{F864D08B-A638-42E0-8A7E-773A1A3EABAD}.Release|x64.ActiveCfg = Release|x64
		{F864D08B-A638-42E0-8A7E-773A1A3EABAD}.Release|x64.Build.0 = Release|x64
		{F864D08B-A638-42E0-8A7E-773A1A3EABAD}.Release|x86.ActiveCfg = Release|Win32
		{F864D08B-A638-42E0-8A7E-773A1A3EABAD}.Release|x86.Build.0 = Release|Win32
	EndGlobalSection
	GlobalSection(SolutionProperties) = preSolution
		HideSolutionNode = FALSE
	EndGlobalSection
	GlobalSection(ExtensibilityGlobals) = postSolution
		SolutionGuid = {512BDD3D-F9A2-45AA-A729-8F567AA8C517}
	EndGlobalSection
EndGlobal
